<?xml version="1.0" encoding="utf-8"?>
<Project ToolsVersion="4.0" xmlns="http://schemas.microsoft.com/developer/msbuild/2003">
  <ItemGroup>
    <Filter Include="Source Files">
      <UniqueIdentifier>{4FC737F1-C7A5-4376-A066-2A32D752A2FF}</UniqueIdentifier>
      <Extensions>cpp;c;cc;cxx;def;odl;idl;hpj;bat;asm;asmx</Extensions>
    </Filter>
    <Filter Include="Header Files">
      <UniqueIdentifier>{93995380-89BD-4b04-88EB-625FBE52EBFB}</UniqueIdentifier>
      <Extensions>h;hh;hpp;hxx;hm;inl;inc;xsd</Extensions>
    </Filter>
    <Filter Include="Resource Files">
      <UniqueIdentifier>{67DA6AB6-F800-4c08-8B7A-83BB121AAD01}</UniqueIdentifier>
      <Extensions>rc;ico;cur;bmp;dlg;rc2;rct;bin;rgs;gif;jpg;jpeg;jpe;resx;tiff;tif;png;wav;mfcribbon-ms</Extensions>
    </Filter>
  </ItemGroup>
  <ItemGroup>
    <ClInclude Include="src\ext\freetype-gl\freetype-gl.h">
      <Filter>Header Files</Filter>
    </ClInclude>
    <ClInclude Include="src\ext\freetype-gl\opengl.h">
      <Filter>Header Files</Filter>
    </ClInclude>
    <ClInclude Include="src\ext\freetype-gl\platform.h">
      <Filter>Header Files</Filter>
    </ClInclude>
    <ClInclude Include="src\ext\freetype-gl\texture-atlas.h">
      <Filter>Header Files</Filter>
    </ClInclude>
    <ClInclude Include="src\ext\freetype-gl\texture-font.h">
      <Filter>Header Files</Filter>
    </ClInclude>
    <ClInclude Include="src\ext\freetype-gl\vec234.h">
      <Filter>Header Files</Filter>
    </ClInclude>
    <ClInclude Include="src\ext\freetype-gl\vector.h">
      <Filter>Header Files</Filter>
    </ClInclude>
    <ClInclude Include="src\in\graphics\window.h">
      <Filter>Header Files</Filter>
    </ClInclude>
    <ClInclude Include="src\in\input\input.h">
      <Filter>Header Files</Filter>
    </ClInclude>
    <ClInclude Include="src\in\maths\mat4.h">
      <Filter>Header Files</Filter>
    </ClInclude>
    <ClInclude Include="src\in\maths\maths_func.h">
      <Filter>Header Files</Filter>
    </ClInclude>
    <ClInclude Include="src\in\maths\perlinnoise.h">
      <Filter>Header Files</Filter>
    </ClInclude>
    <ClInclude Include="src\in\maths\vec2.h">
      <Filter>Header Files</Filter>
    </ClInclude>
    <ClInclude Include="src\in\maths\vec3.h">
      <Filter>Header Files</Filter>
    </ClInclude>
    <ClInclude Include="src\in\maths\vec4.h">
      <Filter>Header Files</Filter>
    </ClInclude>
    <ClInclude Include="src\in\InfinitTypes.h">
      <Filter>Header Files</Filter>
    </ClInclude>
    <ClInclude Include="src\in\Preprocessor.h">
      <Filter>Header Files</Filter>
    </ClInclude>
    <ClInclude Include="src\Infinit.h">
      <Filter>Header Files</Filter>
    </ClInclude>
    <ClInclude Include="src\in\utils\timer.h">
      <Filter>Header Files</Filter>
    </ClInclude>
    <ClInclude Include="src\in\utils\fileutils.h">
      <Filter>Header Files</Filter>
    </ClInclude>
    <ClInclude Include="src\in\utils\imageutils.h">
      <Filter>Header Files</Filter>
    </ClInclude>
    <ClInclude Include="src\in\utils\stringutils.h">
      <Filter>Header Files</Filter>
    </ClInclude>
    <ClInclude Include="src\in\utils\log.h">
      <Filter>Header Files</Filter>
    </ClInclude>
    <ClInclude Include="src\in\String.h">
      <Filter>Header Files</Filter>
    </ClInclude>
    <ClInclude Include="src\in\manager\Manager.h">
      <Filter>Header Files</Filter>
    </ClInclude>
    <ClInclude Include="src\in\manager\managable.h">
      <Filter>Header Files</Filter>
    </ClInclude>
    <ClInclude Include="src\in\graphics\shader\Shader.h">
      <Filter>Header Files</Filter>
    </ClInclude>
    <ClInclude Include="src\in\graphics\buffers\buffer.h">
      <Filter>Header Files</Filter>
    </ClInclude>
    <ClInclude Include="src\in\graphics\buffers\bufferlayout.h">
      <Filter>Header Files</Filter>
    </ClInclude>
    <ClInclude Include="src\in\graphics\buffers\indexbuffer.h">
      <Filter>Header Files</Filter>
    </ClInclude>
    <ClInclude Include="src\in\graphics\buffers\vertexarray.h">
      <Filter>Header Files</Filter>
    </ClInclude>
    <ClInclude Include="src\in\graphics\Renderer2D.h">
      <Filter>Header Files</Filter>
    </ClInclude>
    <ClInclude Include="src\in\graphics\Color.h">
      <Filter>Header Files</Filter>
    </ClInclude>
    <ClInclude Include="src\in\graphics\BatchRenderer2D.h">
      <Filter>Header Files</Filter>
    </ClInclude>
    <ClInclude Include="src\in\maths\Maths.h">
      <Filter>Header Files</Filter>
    </ClInclude>
    <ClInclude Include="src\in\core\Object.h">
      <Filter>Header Files</Filter>
    </ClInclude>
    <ClInclude Include="src\in\core\Node.h">
      <Filter>Header Files</Filter>
    </ClInclude>
    <ClInclude Include="src\in\core\Transform.h">
      <Filter>Header Files</Filter>
    </ClInclude>
    <ClInclude Include="src\in\core\scene\Scene.h">
      <Filter>Header Files</Filter>
    </ClInclude>
    <ClInclude Include="src\in\graphics\Texture.h">
      <Filter>Header Files</Filter>
    </ClInclude>
    <ClInclude Include="src\in\core\Game.h">
      <Filter>Header Files</Filter>
    </ClInclude>
    <ClInclude Include="src\in\core\Editor.h">
      <Filter>Header Files</Filter>
    </ClInclude>
    <ClInclude Include="src\in\core\scene\2d\CanvasItem.h">
      <Filter>Header Files</Filter>
    </ClInclude>
    <ClInclude Include="src\in\core\scene\2d\Canvas.h">
      <Filter>Header Files</Filter>
    </ClInclude>
    <ClInclude Include="src\in\graphics\renderable\Renderable.h">
      <Filter>Header Files</Filter>
    </ClInclude>
    <ClInclude Include="src\in\graphics\renderable\Line.h">
      <Filter>Header Files</Filter>
    </ClInclude>
    <ClInclude Include="src\in\graphics\renderable\Rectangle.h">
      <Filter>Header Files</Filter>
    </ClInclude>
    <ClInclude Include="src\in\core\scene\gui\BaseButton.h">
      <Filter>Header Files</Filter>
    </ClInclude>
    <ClInclude Include="src\in\graphics\Font.h">
      <Filter>Header Files</Filter>
    </ClInclude>
    <ClInclude Include="src\in\graphics\renderable\Label.h">
      <Filter>Header Files</Filter>
    </ClInclude>
    <ClInclude Include="src\in\core\scene\gui\Button.h">
      <Filter>Header Files</Filter>
    </ClInclude>
  </ItemGroup>
  <ItemGroup>
    <ClCompile Include="src\ext\freetype-gl\platform.c">
      <Filter>Source Files</Filter>
    </ClCompile>
    <ClCompile Include="src\ext\freetype-gl\texture-atlas.c">
      <Filter>Source Files</Filter>
    </ClCompile>
    <ClCompile Include="src\ext\freetype-gl\texture-font.c">
      <Filter>Source Files</Filter>
    </ClCompile>
    <ClCompile Include="src\ext\freetype-gl\vector.c">
      <Filter>Source Files</Filter>
    </ClCompile>
    <ClCompile Include="src\main.cpp">
      <Filter>Source Files</Filter>
    </ClCompile>
    <ClCompile Include="src\in\graphics\window.cpp">
      <Filter>Source Files</Filter>
    </ClCompile>
    <ClCompile Include="src\in\input\input.cpp">
      <Filter>Source Files</Filter>
    </ClCompile>
    <ClCompile Include="src\in\maths\mat4.cpp">
      <Filter>Source Files</Filter>
    </ClCompile>
    <ClCompile Include="src\in\maths\perlinnoise.cpp">
      <Filter>Source Files</Filter>
    </ClCompile>
    <ClCompile Include="src\in\maths\vec2.cpp">
      <Filter>Source Files</Filter>
    </ClCompile>
    <ClCompile Include="src\in\maths\vec3.cpp">
      <Filter>Source Files</Filter>
    </ClCompile>
    <ClCompile Include="src\in\maths\vec4.cpp">
      <Filter>Source Files</Filter>
    </ClCompile>
    <ClCompile Include="src\in\utils\fileutils.cpp">
      <Filter>Source Files</Filter>
    </ClCompile>
    <ClCompile Include="src\in\utils\log.cpp">
      <Filter>Source Files</Filter>
    </ClCompile>
    <ClCompile Include="src\in\String.cpp">
      <Filter>Source Files</Filter>
    </ClCompile>
    <ClCompile Include="src\in\manager\manager.cpp">
      <Filter>Source Files</Filter>
    </ClCompile>
    <ClCompile Include="src\in\graphics\shader\Shader.cpp">
      <Filter>Source Files</Filter>
    </ClCompile>
    <ClCompile Include="src\in\graphics\buffers\buffer.cpp">
      <Filter>Source Files</Filter>
    </ClCompile>
    <ClCompile Include="src\in\graphics\buffers\bufferlayout.cpp">
      <Filter>Source Files</Filter>
    </ClCompile>
    <ClCompile Include="src\in\graphics\buffers\indexbuffer.cpp">
      <Filter>Source Files</Filter>
    </ClCompile>
    <ClCompile Include="src\in\graphics\buffers\vertexarray.cpp">
      <Filter>Source Files</Filter>
    </ClCompile>
    <ClCompile Include="src\in\graphics\Color.cpp">
      <Filter>Source Files</Filter>
    </ClCompile>
    <ClCompile Include="src\in\graphics\BatchRenderer2D.cpp">
      <Filter>Source Files</Filter>
    </ClCompile>
    <ClCompile Include="src\in\core\Object.cpp">
      <Filter>Source Files</Filter>
    </ClCompile>
    <ClCompile Include="src\in\core\Transform.cpp">
      <Filter>Source Files</Filter>
    </ClCompile>
    <ClCompile Include="src\in\core\Node.cpp">
      <Filter>Source Files</Filter>
    </ClCompile>
    <ClCompile Include="src\in\core\scene\scene.cpp">
      <Filter>Source Files</Filter>
    </ClCompile>
    <ClCompile Include="src\in\graphics\Texture.cpp">
      <Filter>Source Files</Filter>
    </ClCompile>
    <ClCompile Include="src\in\core\Editor.cpp">
      <Filter>Source Files</Filter>
    </ClCompile>
    <ClCompile Include="src\in\core\scene\2d\CanvasItem.cpp">
      <Filter>Source Files</Filter>
    </ClCompile>
    <ClCompile Include="src\in\graphics\renderable\Line.cpp">
      <Filter>Source Files</Filter>
    </ClCompile>
    <ClCompile Include="src\in\graphics\renderable\Rectangle.cpp">
      <Filter>Source Files</Filter>
    </ClCompile>
    <ClCompile Include="src\in\core\scene\gui\BaseButton.cpp">
      <Filter>Source Files</Filter>
    </ClCompile>
    <ClCompile Include="src\in\graphics\Font.cpp">
      <Filter>Source Files</Filter>
    </ClCompile>
    <ClCompile Include="src\in\graphics\renderable\Label.cpp">
      <Filter>Source Files</Filter>
    </ClCompile>
    <ClCompile Include="src\in\core\scene\gui\Button.cpp">
      <Filter>Source Files</Filter>
    </ClCompile>
  </ItemGroup>
  <ItemGroup>
    <None Include="src\in\graphics\shader\presets\BatchRenderer2D.shader" />
  </ItemGroup>
</Project>